// !$*UTF8*$!
{
	archiveVersion = 1;
	classes = {
	};
	objectVersion = 46;
	objects = {

/* Begin PBXBuildFile section */
		76848B061C01CD3F00A490A9 /* AppDelegate.swift in Sources */ = {isa = PBXBuildFile; fileRef = 76848B051C01CD3F00A490A9 /* AppDelegate.swift */; };
		76848B081C01CD3F00A490A9 /* ViewController.swift in Sources */ = {isa = PBXBuildFile; fileRef = 76848B071C01CD3F00A490A9 /* ViewController.swift */; };
		76848B0B1C01CD3F00A490A9 /* Main.storyboard in Resources */ = {isa = PBXBuildFile; fileRef = 76848B091C01CD3F00A490A9 /* Main.storyboard */; };
		76848B0D1C01CD3F00A490A9 /* Assets.xcassets in Resources */ = {isa = PBXBuildFile; fileRef = 76848B0C1C01CD3F00A490A9 /* Assets.xcassets */; };
		76848B101C01CD3F00A490A9 /* LaunchScreen.storyboard in Resources */ = {isa = PBXBuildFile; fileRef = 76848B0E1C01CD3F00A490A9 /* LaunchScreen.storyboard */; };
/* End PBXBuildFile section */

/* Begin PBXFileReference section */
		76848B021C01CD3F00A490A9 /* BlueOrRed.app */ = {isa = PBXFileReference; explicitFileType = wrapper.application; includeInIndex = 0; path = BlueOrRed.app; sourceTree = BUILT_PRODUCTS_DIR; };
		76848B051C01CD3F00A490A9 /* AppDelegate.swift */ = {isa = PBXFileReference; lastKnownFileType = sourcecode.swift; path = AppDelegate.swift; sourceTree = "<group>"; };
		76848B071C01CD3F00A490A9 /* ViewController.swift */ = {isa = PBXFileReference; lastKnownFileType = sourcecode.swift; path = ViewController.swift; sourceTree = "<group>"; };
		76848B0A1C01CD3F00A490A9 /* Base */ = {isa = PBXFileReference; lastKnownFileType = file.storyboard; name = Base; path = Base.lproj/Main.storyboard; sourceTree = "<group>"; };
		76848B0C1C01CD3F00A490A9 /* Assets.xcassets */ = {isa = PBXFileReference; lastKnownFileType = folder.assetcatalog; path = Assets.xcassets; sourceTree = "<group>"; };
		76848B0F1C01CD3F00A490A9 /* Base */ = {isa = PBXFileReference; lastKnownFileType = file.storyboard; name = Base; path = Base.lproj/LaunchScreen.storyboard; sourceTree = "<group>"; };
		76848B111C01CD3F00A490A9 /* Info.plist */ = {isa = PBXFileReference; lastKnownFileType = text.plist.xml; path = Info.plist; sourceTree = "<group>"; };
/* End PBXFileReference section */

/* Begin PBXFrameworksBuildPhase section */
		76848AFF1C01CD3F00A490A9 /* Frameworks */ = {
			isa = PBXFrameworksBuildPhase;
			buildActionMask = 2147483647;
			files = (
			);
			runOnlyForDeploymentPostprocessing = 0;
		};
/* End PBXFrameworksBuildPhase section */

/* Begin PBXGroup section */
		76848AF91C01CD3F00A490A9 = {
			isa = PBXGroup;
			children = (
				76848B041C01CD3F00A490A9 /* BlueOrRed */,
				76848B031C01CD3F00A490A9 /* Products */,
			);
			sourceTree = "<group>";
		};
		76848B031C01CD3F00A490A9 /* Products */ = {
			isa = PBXGroup;
			children = (
				76848B021C01CD3F00A490A9 /* BlueOrRed.app */,
			);
			name = Products;
			sourceTree = "<group>";
		};
		76848B041C01CD3F00A490A9 /* BlueOrRed */ = {
			isa = PBXGroup;
			children = (
				76848B051C01CD3F00A490A9 /* AppDelegate.swift */,
				76848B071C01CD3F00A490A9 /* ViewController.swift */,
				76848B091C01CD3F00A490A9 /* Main.storyboard */,
				76848B0C1C01CD3F00A490A9 /* Assets.xcassets */,
				76848B0E1C01CD3F00A490A9 /* LaunchScreen.storyboard */,
				76848B111C01CD3F00A490A9 /* Info.plist */,
			);
			path = BlueOrRed;
			sourceTree = "<group>";
		};
/* End PBXGroup section */

/* Begin PBXNativeTarget section */
		76848B011C01CD3F00A490A9 /* BlueOrRed */ = {
			isa = PBXNativeTarget;
			buildConfigurationList = 76848B141C01CD3F00A490A9 /* Build configuration list for PBXNativeTarget "BlueOrRed" */;
			buildPhases = (
				76848AFE1C01CD3F00A490A9 /* Sources */,
				76848AFF1C01CD3F00A490A9 /* Frameworks */,
				76848B001C01CD3F00A490A9 /* Resources */,
			);
			buildRules = (
			);
			dependencies = (
			);
			name = BlueOrRed;
			productName = BlueOrRed;
			productReference = 76848B021C01CD3F00A490A9 /* BlueOrRed.app */;
			productType = "com.apple.product-type.application";
		};
/* End PBXNativeTarget section */

/* Begin PBXProject section */
		76848AFA1C01CD3F00A490A9 /* Project object */ = {
			isa = PBXProject;
			attributes = {
				LastSwiftUpdateCheck = 0710;
				LastUpgradeCheck = 0710;
				ORGANIZATIONNAME = Lympe;
				TargetAttributes = {
					76848B011C01CD3F00A490A9 = {
						CreatedOnToolsVersion = 7.1.1;
					};
				};
			};
			buildConfigurationList = 76848AFD1C01CD3F00A490A9 /* Build configuration list for PBXProject "BlueOrRed" */;
			compatibilityVersion = "Xcode 3.2";
			developmentRegion = English;
			hasScannedForEncodings = 0;
			knownRegions = (
				en,
				Base,
			);
			mainGroup = 76848AF91C01CD3F00A490A9;
			productRefGroup = 76848B031C01CD3F00A490A9 /* Products */;
			projectDirPath = "";
			projectRoot = "";
			targets = (
				76848B011C01CD3F00A490A9 /* BlueOrRed */,
			);
		};
/* End PBXProject section */

/* Begin PBXResourcesBuildPhase section */
		76848B001C01CD3F00A490A9 /* Resources */ = {
			isa = PBXResourcesBuildPhase;
			buildActionMask = 2147483647;
			files = (
				76848B101C01CD3F00A490A9 /* LaunchScreen.storyboard in Resources */,
				76848B0D1C01CD3F00A490A9 /* Assets.xcassets in Resources */,
				76848B0B1C01CD3F00A490A9 /* Main.storyboard in Resources */,
			);
			runOnlyForDeploymentPostprocessing = 0;
		};
/* End PBXResourcesBuildPhase section */

/* Begin PBXSourcesBuildPhase section */
		76848AFE1C01CD3F00A490A9 /* Sources */ = {
			isa = PBXSourcesBuildPhase;
			buildActionMask = 2147483647;
			files = (
				76848B081C01CD3F00A490A9 /* ViewController.swift in Sources */,
				76848B061C01CD3F00A490A9 /* AppDelegate.swift in Sources */,
			);
			runOnlyForDeploymentPostprocessing = 0;
		};
/* End PBXSourcesBuildPhase section */

/* Begin PBXVariantGroup section */
		76848B091C01CD3F00A490A9 /* Main.storyboard */ = {
			isa = PBXVariantGroup;
			children = (
				76848B0A1C01CD3F00A490A9 /* Base */,
			);
			name = Main.storyboard;
			sourceTree = "<group>";
		};
		76848B0E1C01CD3F00A490A9 /* LaunchScreen.storyboard */ = {
			isa = PBXVariantGroup;
			children = (
				76848B0F1C01CD3F00A490A9 /* Base */,
			);
			name = LaunchScreen.storyboard;
			sourceTree = "<group>";
		};
/* End PBXVariantGroup section */

/* Begin XCBuildConfiguration section */
		76848B121C01CD3F00A490A9 /* Debug */ = {
			isa = XCBuildConfiguration;
			buildSettings = {
				ALWAYS_SEARCH_USER_PATHS = NO;
				CLANG_CXX_LANGUAGE_STANDARD = "gnu++0x";
				CLANG_CXX_LIBRARY = "libc++";
				CLANG_ENABLE_MODULES = YES;
				CLANG_ENABLE_OBJC_ARC = YES;
				CLANG_WARN_BOOL_CONVERSION = YES;
				CLANG_WARN_CONSTANT_CONVERSION = YES;
				CLANG_WARN_DIRECT_OBJC_ISA_USAGE = YES_ERROR;
				CLANG_WARN_EMPTY_BODY = YES;
				CLANG_WARN_ENUM_CONVERSION = YES;
				CLANG_WARN_INT_CONVERSION = YES;
				CLANG_WARN_OBJC_ROOT_CLASS = YES_ERROR;
				CLANG_WARN_UNREACHABLE_CODE = YES;
				CLANG_WARN__DUPLICATE_METHOD_MATCH = YES;
				"CODE_SIGN_IDENTITY[sdk=iphoneos*]" = "iPhone Developer";
				COPY_PHASE_STRIP = NO;
				DEBUG_INFORMATION_FORMAT = dwarf;
				ENABLE_STRICT_OBJC_MSGSEND = YES;
				ENABLE_TESTABILITY = YES;
				GCC_C_LANGUAGE_STANDARD = gnu99;
				GCC_DYNAMIC_NO_PIC = NO;
				GCC_NO_COMMON_BLOCKS = YES;
				GCC_OPTIMIZATION_LEVEL = 0;
				GCC_PREPROCESSOR_DEFINITIONS = (
					"DEBUG=1",
					"$(inherited)",
				);
				GCC_WARN_64_TO_32_BIT_CONVERSION = YES;
				GCC_WARN_ABOUT_RETURN_TYPE = YES_ERROR;
				GCC_WARN_UNDECLARED_SELECTOR = YES;
				GCC_WARN_UNINITIALIZED_AUTOS = YES_AGGRESSIVE;
				GCC_WARN_UNUSED_FUNCTION = YES;
				GCC_WARN_UNUSED_VARIABLE = YES;
				IPHONEOS_DEPLOYMENT_TARGET = 9.1;
				MTL_ENABLE_DEBUG_INFO = YES;
				ONLY_ACTIVE_ARCH = YES;
				SDKROOT = iphoneos;
				SWIFT_OPTIMIZATION_LEVEL = "-Onone";
			};
			name = Debug;
		};
		76848B131C01CD3F00A490A9 /* Release */ = {
			isa = XCBuildConfiguration;
			buildSettings = {
				ALWAYS_SEARCH_USER_PATHS = NO;
				CLANG_CXX_LANGUAGE_STANDARD = "gnu++0x";
				CLANG_CXX_LIBRARY = "libc++";
				CLANG_ENABLE_MODULES = YES;
				CLANG_ENABLE_OBJC_ARC = YES;
				CLANG_WARN_BOOL_CONVERSION = YES;
				CLANG_WARN_CONSTANT_CONVERSION = YES;
				CLANG_WARN_DIRECT_OBJC_ISA_USAGE = YES_ERROR;
				CLANG_WARN_EMPTY_BODY = YES;
				CLANG_WARN_ENUM_CONVERSION = YES;
				CLANG_WARN_INT_CONVERSION = YES;
				CLANG_WARN_OBJC_ROOT_CLASS = YES_ERROR;
				CLANG_WARN_UNREACHABLE_CODE = YES;
				CLANG_WARN__DUPLICATE_METHOD_MATCH = YES;
				"CODE_SIGN_IDENTITY[sdk=iphoneos*]" = "iPhone Developer";
				COPY_PHASE_STRIP = NO;
				DEBUG_INFORMATION_FORMAT = "dwarf-with-dsym";
				ENABLE_NS_ASSERTIONS = NO;
				ENABLE_STRICT_OBJC_MSGSEND = YES;
				GCC_C_LANGUAGE_STANDARD = gnu99;
				GCC_NO_COMMON_BLOCKS = YES;
				GCC_WARN_64_TO_32_BIT_CONVERSION = YES;
				GCC_WARN_ABOUT_RETURN_TYPE = YES_ERROR;
				GCC_WARN_UNDECLARED_SELECTOR = YES;
				GCC_WARN_UNINITIALIZED_AUTOS = YES_AGGRESSIVE;
				GCC_WARN_UNUSED_FUNCTION = YES;
				GCC_WARN_UNUSED_VARIABLE = YES;
				IPHONEOS_DEPLOYMENT_TARGET = 9.1;
				MTL_ENABLE_DEBUG_INFO = NO;
				SDKROOT = iphoneos;
				VALIDATE_PRODUCT = YES;
			};
			name = Release;
		};
		76848B151C01CD3F00A490A9 /* Debug */ = {
			isa = XCBuildConfiguration;
			buildSettings = {
				ASSETCATALOG_COMPILER_APPICON_NAME = AppIcon;
				INFOPLIST_FILE = BlueOrRed/Info.plist;
				LD_RUNPATH_SEARCH_PATHS = "$(inherited) @executable_path/Frameworks";
				PRODUCT_BUNDLE_IDENTIFIER = com.lympe.BlueOrRed;
				PRODUCT_NAME = "$(TARGET_NAME)";
				TARGETED_DEVICE_FAMILY = 1;
			};
			name = Debug;
		};
		76848B161C01CD3F00A490A9 /* Release */ = {
			isa = XCBuildConfiguration;
			buildSettings = {
				ASSETCATALOG_COMPILER_APPICON_NAME = AppIcon;
				INFOPLIST_FILE = BlueOrRed/Info.plist;
				LD_RUNPATH_SEARCH_PATHS = "$(inherited) @executable_path/Frameworks";
				PRODUCT_BUNDLE_IDENTIFIER = com.lympe.BlueOrRed;
				PRODUCT_NAME = "$(TARGET_NAME)";
				TARGETED_DEVICE_FAMILY = 1;
			};
			name = Release;
		};
/* End XCBuildConfiguration section */

/* Begin XCConfigurationList section */
		76848AFD1C01CD3F00A490A9 /* Build configuration list for PBXProject "BlueOrRed" */ = {
			isa = XCConfigurationList;
			buildConfigurations = (
				76848B121C01CD3F00A490A9 /* Debug */,
				76848B131C01CD3F00A490A9 /* Release */,
			);
			defaultConfigurationIsVisible = 0;
			defaultConfigurationName = Release;
		};
		76848B141C01CD3F00A490A9 /* Build configuration list for PBXNativeTarget "BlueOrRed" */ = {
			isa = XCConfigurationList;
			buildConfigurations = (
				76848B151C01CD3F00A490A9 /* Debug */,
				76848B161C01CD3F00A490A9 /* Release */,
			);
			defaultConfigurationIsVisible = 0;
		};
/* End XCConfigurationList section */
	};
	rootObject = 76848AFA1C01CD3F00A490A9 /* Project object */;
}
